
Microsoft Visual Studio Solution File, Format Version 12.00
# Visual Studio Version 17
VisualStudioVersion = 17.3.32929.385
MinimumVisualStudioVersion = 10.0.40219.1
Project("{FAE04EC0-301F-11D3-BF4B-00C04F79EFBC}") = "TestIntegration.API", "src\TestIntegration.API\TestIntegration.API.csproj", "{7093903C-D55E-40CB-BD96-95E1813208BA}"
EndProject
Global
	GlobalSection(SolutionConfigurationPlatforms) = preSolution
		Debug|Any CPU = Debug|Any CPU
		Release|Any CPU = Release|Any CPU
	EndGlobalSection
	GlobalSection(ProjectConfigurationPlatforms) = postSolution
		{7093903C-D55E-40CB-BD96-95E1813208BA}.Debug|Any CPU.ActiveCfg = Debug|Any CPU
		{7093903C-D55E-40CB-BD96-95E1813208BA}.Debug|Any CPU.Build.0 = Debug|Any CPU
		{7093903C-D55E-40CB-BD96-95E1813208BA}.Release|Any CPU.ActiveCfg = Release|Any CPU
		{7093903C-D55E-40CB-BD96-95E1813208BA}.Release|Any CPU.Build.0 = Release|Any CPU
	EndGlobalSection
	GlobalSection(SolutionProperties) = preSolution
		HideSolutionNode = FALSE
	EndGlobalSection
	GlobalSection(ExtensibilityGlobals) = postSolution
		SolutionGuid = {4737E90C-FF3E-46A4-9C55-8F6D2C744F9D}
	EndGlobalSection
EndGlobal
